# This file is automatically @generated by Cargo.
# It is not intended for manual editing.
version = 4

[[package]]
name = "ch01"
version = "0.1.0"

[[package]]
name = "ch02"
version = "0.1.0"

[[package]]
name = "ch03"
version = "0.1.0"

[[package]]
name = "ch04"
version = "0.1.0"

[[package]]
name = "ch05"
version = "0.1.0"

[[package]]
name = "ch06"
version = "0.1.0"

[[package]]
name = "ch07"
version = "0.1.0"

[[package]]
name = "ch08"
version = "0.1.0"

[[package]]
name = "ch09"
version = "0.1.0"

[[package]]
name = "ch10"
version = "0.1.0"

[[package]]
name = "ch11"
version = "0.1.0"

[[package]]
name = "ch12"
version = "0.1.0"

[[package]]
name = "ch13"
version = "0.1.0"

[[package]]
name = "ch14"
version = "0.1.0"

[[package]]
name = "ch15"
version = "0.1.0"
